299aa1b8b20ee0cafeeba1533955cf5bca2fb89f6aeaf8a8cfca6906b8fc8985  00-foundations.md
49b1059d0ae139347a1c821b09bf4d41d008e31ab18181271e50740cbdf93298  01-auth-rbac.md
099d0d703eab99c0eea9cf6aa75070a1d3906c13af13c1838c02071077c6ff9d  02-rest-api.md
e3a43f4bd92f9805f5786289b7e33c46f156fe708f3bfc2bf75bd14a9386d560  03-ws-envelope.md
ab6ca80c8a3042ae39681883f34bb2ed886db13c5cafc038679e8f9399aeae40  04-session-events.md
4b46c31d8851c550716d148ecd0b45a46568d72137edefdd631073b28fd8728f  05-crypto.md
351758ff743a3abe5140c96889574e96267a9263dabda2c762adfefa3b59f00d  06-lan.md
2037dcc8250b2ce70ee95a9df998aa459e243720047b4a9d7c5f24be6b5b7390  07-billing-entitlements.md
c1e4ef251249b5364ccdf6dba51285a69bb8534832214a1ea8ff23d0605bad1f  08-integrations.md
7796da93d0319913889f22cf8047798e29783b7f4f6dff68b88461b3a55a0ecf  09-state-map.md
e3b0c44298fc1c149afbf4c8996fb92427ae41e4649b934ca495991b7852b855  README.md
835025874e2d2c9f1c2cc5f234b29c59f77a36892cd9a07c2751ebe7064da8d0  errors.json
db55fc3544fab1af997cf9a3cae7c4c8e1b056bcf9c8e7bdb39e080df99f0bdc  fixtures/crypto/vectors.json
e2d5d17a9ed8511793e8c4b8bba3b58be03fa6d6bb76c59ca96d77310c7ebb14  fixtures/entitlements/bad_plan.json
46c8aa4314f91524295cbbd09c2b11af03e65a8395aa701eb71c4fbf24681b46  fixtures/entitlements/free.json
4e33bb8cd5aece9f784f5b0577ca20f945ab03353a2cb0c841d76e79662db36a  fixtures/entitlements/lan_false.json
6abb4b43af72752400166215a0e1fab325f32e02b3c920c88dce1a8648f93492  fixtures/entitlements/missing_limit.json
24596bb39caf2f794bc28901f762b46f9c848fd310019bcc5cd09c08089e2216  fixtures/entitlements/past_due.json
d49f7c919ddfc48888bd78ec8b271d094b6fd9e1853e3a00a23d6a77734ef891  fixtures/entitlements/pro.json
d45f173a66028345b48b33f1537a524120e805340c5c8869382bca22407c4943  fixtures/entitlements/team.json
0cd162411e814fc984c0963fca7a71c00b01671cd48aeb44e6c80816f2b2c819  fixtures/envelope/ack.json
a9f40fac4c3a73883d7fe8b015dea74ca665e3df44b7acc1bf04a677adf3416a  fixtures/envelope/bad_version.json
f23dc935985c325c1d34fc1cad0953cf42be34851ab9c232c97b114475f38b09  fixtures/envelope/ct_without_sig.json
5d0bd9be3cc06cf3f65797aadb8a2c8b14a4169241432382ac0fd324d7023584  fixtures/envelope/error.json
b3d27ecbf68b875f895e2d5bb95211ab7fc47f2d6cddde9216538e811455c2dc  fixtures/envelope/event_missing_id.json
78bceff8bdd8e251952e92d4d4aa9590685d2dd1592cc1e6ea97d37e7e52a9f5  fixtures/envelope/hello.json
91e7deeb815fd4c59034a1d868be5f692c8a2041107b3b0e6bb6b097a8caf800  fixtures/envelope/hello_no_ticket.json
c416b3f3b9734a5449faca2075fe0d2bb617ae6883556d3e5723381ad4e4dd84  fixtures/envelope/ping.json
4abccf67000d4d083eca95376b29f03fe0fb2827fd4158269afa80695f5d8a83  fixtures/envelope/queue_approve.json
6c57b318e646c9a565e0c12126f7f6b3b15f8dd9e547c49f65b7672c265b3a2e  fixtures/envelope/unknown_type.json
bbec43e9e19e683c298a6fcb9e8defd246cc4d6c337acc296e5354197e9c02c1  fixtures/envelope/welcome.json
03ad67e8151691b04e3000add3eca2a344612619eb0bc8538c98e31fd3d894a8  fixtures/events/agent.exit.json
0a787bd8bc38786b42ac90899c7f6e2412fe22ccdc254528f6f95c18f0124638  fixtures/events/agent.handoff.json
320cfdacdc1236b609f1770dd776f21b521664a5fdb1112f544cfb16d5891d7a  fixtures/events/agent.spawn.json
70178777861581dd0ba7e283ef78244a78063f1c564fe157512999938e80ea16  fixtures/events/agent.state.json
4a9317cd66947226ea77c15f30841d6d559a6a427650ff875ec4dd852cce2290  fixtures/events/approval.decision.json
cab9e623f4e2ee57d4e964c8b64c233560628c91f6226fa754fbe9592236f12a  fixtures/events/approval.request.json
fcee5240dcf12e2fea8fd583fc193f0189015870e0fd88a00427e90012945f04  fixtures/events/branch.update.json
2bb97aa45f10d761f16d6a2fca39085e35ae7cc850f4f6c6021e437ae667163d  fixtures/events/comment.add.json
40324cbd80bfeceab6a56bdb59893408cbac04d24b12dbd568870278ffbc5c4a  fixtures/events/conflict.detected.json
da543924ad322878cd19dce0f1be90d3a931ee65361d6f8b1eb17021109788b9  fixtures/events/control.end.json
f0f50068131f7433634d961f0baa8528ea6f68362cec1a5301f452c78c841a6d  fixtures/events/control.host_changed.json
e62c31e3946532388e800cd7e1c99579d2d694c49f2af69f93d16c7bc9137516  fixtures/events/control.kick.json
fda0aa7a1af72a6ac25d9cdbbbcf84adba569f5466798e3aa52f2443c0f6154c  fixtures/events/control.member_joined.json
4b1028d54a0f5a03a74c8d8d81c1cf0a15297f062d3d0a4d56b45dbaefabba7c  fixtures/events/control.member_left.json
142a332433f7d691596d539a7e27b1a79907511b3061dc6e2126f61695609b68  fixtures/events/control.mute.json
1d9e00b886de1cac4aca150d0d476e56c409a72833548bfeac24d947e363ad18  fixtures/events/control.policy.json
c5f3c2a0d381a00f0ee0dd6b06276463790f0ade3ba126393a73d61c2814abc4  fixtures/events/control.role.json
292ea18cfab604bf76b01e474b9eff340616c17e0527fa6c3de51f9bc2c5da5b  fixtures/events/control.roster.json
2be76482cf1bbf0f0d6555e3d01ce92766648e00e3789f17127f40356560e19c  fixtures/events/control.rotate_key.json
9f13e3042bac63ee3737a978fd8f34c4ff45efbca1a2718dc47d92b0f1fcaffe  fixtures/events/control.rotate_request.json
ff7291b361641d7ae7be78291c7afb8f376f700dfe3b7482a1ff3d8a2cd33c55  fixtures/events/control.session_state.json
f18d6d0510425b19ec9a664b2200ea37b6fee618c811cb0142415b908f6f9e5d  fixtures/events/control.transfer_host.json
72dd4ef73ba1513a0e95b282c9e0866853d91b8ec5361e17cdbe2468d10948e6  fixtures/events/control.unmute.json
bc3f8ed1430d33efb6ee81307b96f84737cb266285b3dca13de9ee4c8250cfad  fixtures/events/diff.share.json
9b6334fd49c8fa3b1dad1f9485406681fdd70861afa57a6f338e0fd5714e20fd  fixtures/events/file.lock.json
65358b1e21507f36a68643df75be2a9b7f5cbedac594951c13d401c573274b04  fixtures/events/key.grant.json
ff913d94003916bc5373caaf80f53bcb7821342885caa1f41595c72d38ca3449  fixtures/events/message.assistant.delta.json
4660f013995328c59334c210e8320963b907608be6a714ee2261d2960b096204  fixtures/events/message.assistant.done.json
7e397ef4feb861cdb6e53520784b87b761450591a90b428f9c92958e02437cca  fixtures/events/message.system.json
11bd94ecd97f1a9730d36e52c240daf1c9d0f1bd1295a1edc87a4db80d4c4b9e  fixtures/events/message.user.json
64a9926874bd5494f840989b7742b4b700587bbb16eb211059822012222cd399  fixtures/events/presence.cursor.json
3c14df4e841eb0acfa5b1a59485ba92fc3386264dcad9422fecaa78415122c07  fixtures/events/presence.nudge.json
1a2e0ad20dc5b3f7fc882e9aa0a5e1653d1084b1f6e02ccf24292dba1fedec47  fixtures/events/presence.update.json
d67aa1cde18164ea128fbbb97a23318f17362dbf0adbd347645622f1758e18a5  fixtures/events/queue.approve.json
36611bd2089af3898592710f47833b3bb1931920182bcebe84546bd78ab88414  fixtures/events/queue.cancel.json
374d5465852023463b2eafcaed703fe50c83cb885409c18d2e0d96e76340d343  fixtures/events/queue.claim.json
dc2e86c706dde41a1121f41770a3c28f7361ae03e6a3d6783a82738701ca8880  fixtures/events/queue.done.json
f0ba237d9e799efd3273f4b110fd1a78bac5274a7504d9c49d5a5e51356c4791  fixtures/events/queue.drop.json
d66bb4739bd736af9c7717bec0bddaaa6d3d4edefc7cfb2da52689d4e711acd2  fixtures/events/queue.reject.json
19cc00c2359ea3d8d2cf5231497a7065eb4478e614e6a8f7a8d58f08f7efc055  fixtures/events/queue.reorder.json
aff1f87578398e985aeb614b70cdacda71c11580dd6f354fc7a6f1f693711ad4  fixtures/events/queue.state.json
5be32e4d38e9be1905d92545c676e965e808abaab3e610485470d45d99e0c0be  fixtures/events/queue.submit.json
1a04882f89e9321e365195dd191d7fda0b89283dc8de30856f83940509c5b61e  fixtures/events/reaction.json
2d41a9e9deaabd1a5f87326c4e2b810b16df086a402ebcab82ae0492522a4fe2  fixtures/events/tool.request.json
e8d6c82c2f7b6e4b2956adf158895640701a574a4a2bb258b9a7c79877d6b8ac  fixtures/events/tool.result.json
ff9f00f983382a1fd53b88bd11991491de306f71897d3386bbe1b31c69910be2  fixtures/lan/bad_fp.json
f4c8b9173f90acc6f6906a7da12cc264a3451e040f8ff6a387f4b94f7799a981  fixtures/lan/pair1.json
c06798062b784b3cab8820cd71c588cc33ba10f4d86686d196d4ef25f0bb9d7c  fixtures/notification/approval.json
f552712a59df0b83335c188f4ec4646e069374c5e362b5d4dd90c4ded429a84d  fixtures/notification/display_text_not_allowed.json
4ef5cf128dd5626d880cfe4d52d2375f12049c271fbc48492800972da5c25282  fixtures/problem/missing_code.json
eb6b2ac9ba05c14c73e41e49d96900851b44eb252b695278a2f82397a6767863  fixtures/problem/quota.json
5644cf74cd18b17b4079641cdac99c75b0665beea62465621852f4bcca69044d  fixtures/problem/status_200.json
caceaa5cb62200dc282e5a7db3084668aba9823db5363aed18c7d12304eee30e  fixtures/problem/validation.json
57c00b762e88876cda0cb7075fe3f562f5ebac75c98cdd183a8f2f99593cdfd1  fixtures/release/bad_hash.json
e78b9ad8670d3f3f5163287d35c675f2d48170585ec77c30533ed21cdc4dd390  fixtures/release/stable.json
931e1e01dbee632535b6b671272f12b7ed84e8c018f36619c6ebb7dd4eaa400c  fixtures/telemetry/batch.json
ae9e60b7b7a30db96e2173813c3c7576497ef1f6fd9a41b24b7e96adc54f17be  fixtures/telemetry/extra_field.json
dfb61cb324d68d6a119f761bd8b5275dbc155025e444c341a98a9349b20bf6cf  fixtures/telemetry/unknown_event.json
154236c69587e433605aaad2d76ff92b8f5867f4b67fb59e68d2df1b76e16933  fixtures/webhook/member_joined.json
881319ff3fbeb0bed850f5e80c96509f22239de643f3eec413c9154ff3cefa30  fixtures/webhook/unknown_type.json
9119f6c39e887061d6bb5a4e9e03130278ab84e1b36c0ae6c4c897a66ff21126  index.json
20d296460de23e61b6d240808376d83fecc17f4f0b20fd0bf97a33b6bc899e3a  openapi.yaml
485c246de8d41e6078148a6889ed2aafc256855735b2c4df1b729174ebd12a0f  schemas/entitlements.schema.json
b90f420807fcf0815d6e2c0e1ae59ad3405ba4f8615813619c77cd3e4376a68f  schemas/envelope.schema.json
33dfaaa18f218ca872006f7f2ce56041ef668a5ef6f13e3cb732933697d10598  schemas/events.schema.json
c3ea1422e763dadfbfabd8922697f2a6120432b44341e2a9deca930355f1081e  schemas/lan-pair.schema.json
f019cfa66d54297091a3d832fe728e45cbf2ea38eb0b1c60cc266d0e2dac61ea  schemas/notification.schema.json
06f45bc63a3522946acb8c589a19387bdf48031d2a6954d1ae0b1697c43e3df2  schemas/problem.schema.json
930938364ee3ffe47fb38c8f8097b08faf1658d8bb83e52870fda7c5b52bf8b8  schemas/release-manifest.schema.json
24932e2270f26f51e5a8c3bf916d1ce4a8475e001e2bd454051a5ee4333ffbbe  schemas/telemetry.schema.json
d012c2dc0280588b9925d0f03143c3f2229d8d060ed66d6d84aae05037d92551  schemas/webhook.schema.json
db22fd39e933e0f6b3b097ae38b07738b0212d49b7d2dc33b78940dccf4f0327  state-map.json
